
Microsoft Visual Studio Solution File, Format Version 12.00
# Visual Studio 15
VisualStudioVersion = 15.0.28010.2036
MinimumVisualStudioVersion = 10.0.40219.1
Project("{9A19103F-16F7-4668-BE54-9A1E7A4F7556}") = "Seek.Ads.Checkout.Domain", "Seek.Checkout.Domain\Seek.Ads.Checkout.Domain.csproj", "{D9794A5C-B080-4E0E-A979-99DE0081B300}"
EndProject
Project("{9A19103F-16F7-4668-BE54-9A1E7A4F7556}") = "Seek.Ads.Checkout.Tests", "..\test\Seek.Ads.Checkout.Tests\Seek.Ads.Checkout.Tests.csproj", "{8214C065-BECB-4B96-A9E7-D3740747C5AA}"
EndProject
Global
	GlobalSection(SolutionConfigurationPlatforms) = preSolution
		Debug|Any CPU = Debug|Any CPU
		Release|Any CPU = Release|Any CPU
	EndGlobalSection
	GlobalSection(ProjectConfigurationPlatforms) = postSolution
		{D9794A5C-B080-4E0E-A979-99DE0081B300}.Debug|Any CPU.ActiveCfg = Debug|Any CPU
		{D9794A5C-B080-4E0E-A979-99DE0081B300}.Debug|Any CPU.Build.0 = Debug|Any CPU
		{D9794A5C-B080-4E0E-A979-99DE0081B300}.Release|Any CPU.ActiveCfg = Release|Any CPU
		{D9794A5C-B080-4E0E-A979-99DE0081B300}.Release|Any CPU.Build.0 = Release|Any CPU
		{8214C065-BECB-4B96-A9E7-D3740747C5AA}.Debug|Any CPU.ActiveCfg = Debug|Any CPU
		{8214C065-BECB-4B96-A9E7-D3740747C5AA}.Debug|Any CPU.Build.0 = Debug|Any CPU
		{8214C065-BECB-4B96-A9E7-D3740747C5AA}.Release|Any CPU.ActiveCfg = Release|Any CPU
		{8214C065-BECB-4B96-A9E7-D3740747C5AA}.Release|Any CPU.Build.0 = Release|Any CPU
	EndGlobalSection
	GlobalSection(SolutionProperties) = preSolution
		HideSolutionNode = FALSE
	EndGlobalSection
	GlobalSection(ExtensibilityGlobals) = postSolution
		SolutionGuid = {07D090F4-5349-45C5-9C0A-FC0B7802B395}
	EndGlobalSection
EndGlobal
